
Microsoft Visual Studio Solution File, Format Version 12.00
# Visual Studio Version 17
VisualStudioVersion = 17.5.33209.295
MinimumVisualStudioVersion = 10.0.40219.1
Project("{FAE04EC0-301F-11D3-BF4B-00C04F79EFBC}") = "Inheritance", "Inheritance\Inheritance.csproj", "{C4C4F3BF-DC8D-45B7-AC6B-796FB0C70553}"
EndProject
Project("{FAE04EC0-301F-11D3-BF4B-00C04F79EFBC}") = "Interface", "Interface\Interface.csproj", "{06651AE0-3FC1-4713-9E3B-6A35732F5CA3}"
EndProject
Global
	GlobalSection(SolutionConfigurationPlatforms) = preSolution
		Debug|Any CPU = Debug|Any CPU
		Release|Any CPU = Release|Any CPU
	EndGlobalSection
	GlobalSection(ProjectConfigurationPlatforms) = postSolution
		{C4C4F3BF-DC8D-45B7-AC6B-796FB0C70553}.Debug|Any CPU.ActiveCfg = Debug|Any CPU
		{C4C4F3BF-DC8D-45B7-AC6B-796FB0C70553}.Debug|Any CPU.Build.0 = Debug|Any CPU
		{C4C4F3BF-DC8D-45B7-AC6B-796FB0C70553}.Release|Any CPU.ActiveCfg = Release|Any CPU
		{C4C4F3BF-DC8D-45B7-AC6B-796FB0C70553}.Release|Any CPU.Build.0 = Release|Any CPU
		{06651AE0-3FC1-4713-9E3B-6A35732F5CA3}.Debug|Any CPU.ActiveCfg = Debug|Any CPU
		{06651AE0-3FC1-4713-9E3B-6A35732F5CA3}.Debug|Any CPU.Build.0 = Debug|Any CPU
		{06651AE0-3FC1-4713-9E3B-6A35732F5CA3}.Release|Any CPU.ActiveCfg = Release|Any CPU
		{06651AE0-3FC1-4713-9E3B-6A35732F5CA3}.Release|Any CPU.Build.0 = Release|Any CPU
	EndGlobalSection
	GlobalSection(SolutionProperties) = preSolution
		HideSolutionNode = FALSE
	EndGlobalSection
	GlobalSection(ExtensibilityGlobals) = postSolution
		SolutionGuid = {74046671-38E5-431D-A75C-3262F15E4D09}
	EndGlobalSection
EndGlobal
