
Microsoft Visual Studio Solution File, Format Version 12.00
# Visual Studio Version 17
VisualStudioVersion = 17.5.2.0
MinimumVisualStudioVersion = 10.0.40219.1
Project("{2150E333-8FDC-42A3-9474-1A3956D46DE8}") = "Week01", "Week01", "{D4176A17-D7E5-9C19-FD5F-8803B1692ECF}"
EndProject
Project("{FAE04EC0-301F-11D3-BF4B-00C04F79EFBC}") = "les1", "Week01\les1\les1.csproj", "{F0D6C3B8-D7C4-466A-54D4-6EB613A629A3}"
EndProject
Project("{FAE04EC0-301F-11D3-BF4B-00C04F79EFBC}") = "les2", "Week01\les2\les2.csproj", "{78CC799C-8B39-4DA7-8E93-5E43BB13C4CB}"
EndProject
Project("{2150E333-8FDC-42A3-9474-1A3956D46DE8}") = "Week02", "Week02", "{131C5CCE-C85E-81CF-EB9F-372398CDB723}"
EndProject
Project("{FAE04EC0-301F-11D3-BF4B-00C04F79EFBC}") = "Les1", "Week02\Les1\Les1.csproj", "{D0064FAC-9A55-49AE-9C0A-59954D56B60D}"
EndProject
Project("{2150E333-8FDC-42A3-9474-1A3956D46DE8}") = "Week04", "Week04", "{AE61C528-FF0A-A1A2-0584-FA705841A90E}"
EndProject
Project("{FAE04EC0-301F-11D3-BF4B-00C04F79EFBC}") = "Les1", "Week04\Les1\Les1.csproj", "{E5444152-49C6-4BFF-90C8-E1B8A3919723}"
EndProject
Project("{FAE04EC0-301F-11D3-BF4B-00C04F79EFBC}") = "Les2", "Week04\Les2\Les2.csproj", "{E291036E-106F-4982-B82A-76D46642D400}"
EndProject
Project("{2150E333-8FDC-42A3-9474-1A3956D46DE8}") = "Week05", "Week05", "{1E7C7822-1A97-FCE8-C1CC-7282E8F41E48}"
EndProject
Project("{FAE04EC0-301F-11D3-BF4B-00C04F79EFBC}") = "Les1", "Week05\Les1\Les1.csproj", "{36DD2085-3891-4CD4-9133-3524D1870482}"
EndProject
Project("{FAE04EC0-301F-11D3-BF4B-00C04F79EFBC}") = "Les02", "Week05\Les02\Les02.csproj", "{B1F283DA-925D-4840-A523-4EED47AFC3F0}"
EndProject
Project("{2150E333-8FDC-42A3-9474-1A3956D46DE8}") = "Week06", "Week06", "{3DCF630A-C2F5-FA6C-1BC6-65B54CBF7084}"
EndProject
Project("{FAE04EC0-301F-11D3-BF4B-00C04F79EFBC}") = "Les2", "Week06\Les2\Les2.csproj", "{7C3931E7-1BD5-4BCE-93F7-328D5FEED101}"
EndProject
Global
	GlobalSection(SolutionConfigurationPlatforms) = preSolution
		Debug|Any CPU = Debug|Any CPU
		Debug|x64 = Debug|x64
		Debug|x86 = Debug|x86
		Release|Any CPU = Release|Any CPU
		Release|x64 = Release|x64
		Release|x86 = Release|x86
	EndGlobalSection
	GlobalSection(ProjectConfigurationPlatforms) = postSolution
		{F0D6C3B8-D7C4-466A-54D4-6EB613A629A3}.Debug|Any CPU.ActiveCfg = Debug|Any CPU
		{F0D6C3B8-D7C4-466A-54D4-6EB613A629A3}.Debug|Any CPU.Build.0 = Debug|Any CPU
		{F0D6C3B8-D7C4-466A-54D4-6EB613A629A3}.Debug|x64.ActiveCfg = Debug|Any CPU
		{F0D6C3B8-D7C4-466A-54D4-6EB613A629A3}.Debug|x64.Build.0 = Debug|Any CPU
		{F0D6C3B8-D7C4-466A-54D4-6EB613A629A3}.Debug|x86.ActiveCfg = Debug|Any CPU
		{F0D6C3B8-D7C4-466A-54D4-6EB613A629A3}.Debug|x86.Build.0 = Debug|Any CPU
		{F0D6C3B8-D7C4-466A-54D4-6EB613A629A3}.Release|Any CPU.ActiveCfg = Release|Any CPU
		{F0D6C3B8-D7C4-466A-54D4-6EB613A629A3}.Release|Any CPU.Build.0 = Release|Any CPU
		{F0D6C3B8-D7C4-466A-54D4-6EB613A629A3}.Release|x64.ActiveCfg = Release|Any CPU
		{F0D6C3B8-D7C4-466A-54D4-6EB613A629A3}.Release|x64.Build.0 = Release|Any CPU
		{F0D6C3B8-D7C4-466A-54D4-6EB613A629A3}.Release|x86.ActiveCfg = Release|Any CPU
		{F0D6C3B8-D7C4-466A-54D4-6EB613A629A3}.Release|x86.Build.0 = Release|Any CPU
		{78CC799C-8B39-4DA7-8E93-5E43BB13C4CB}.Debug|Any CPU.ActiveCfg = Debug|Any CPU
		{78CC799C-8B39-4DA7-8E93-5E43BB13C4CB}.Debug|Any CPU.Build.0 = Debug|Any CPU
		{78CC799C-8B39-4DA7-8E93-5E43BB13C4CB}.Debug|x64.ActiveCfg = Debug|Any CPU
		{78CC799C-8B39-4DA7-8E93-5E43BB13C4CB}.Debug|x64.Build.0 = Debug|Any CPU
		{78CC799C-8B39-4DA7-8E93-5E43BB13C4CB}.Debug|x86.ActiveCfg = Debug|Any CPU
		{78CC799C-8B39-4DA7-8E93-5E43BB13C4CB}.Debug|x86.Build.0 = Debug|Any CPU
		{78CC799C-8B39-4DA7-8E93-5E43BB13C4CB}.Release|Any CPU.ActiveCfg = Release|Any CPU
		{78CC799C-8B39-4DA7-8E93-5E43BB13C4CB}.Release|Any CPU.Build.0 = Release|Any CPU
		{78CC799C-8B39-4DA7-8E93-5E43BB13C4CB}.Release|x64.ActiveCfg = Release|Any CPU
		{78CC799C-8B39-4DA7-8E93-5E43BB13C4CB}.Release|x64.Build.0 = Release|Any CPU
		{78CC799C-8B39-4DA7-8E93-5E43BB13C4CB}.Release|x86.ActiveCfg = Release|Any CPU
		{78CC799C-8B39-4DA7-8E93-5E43BB13C4CB}.Release|x86.Build.0 = Release|Any CPU
		{D0064FAC-9A55-49AE-9C0A-59954D56B60D}.Debug|Any CPU.ActiveCfg = Debug|Any CPU
		{D0064FAC-9A55-49AE-9C0A-59954D56B60D}.Debug|Any CPU.Build.0 = Debug|Any CPU
		{D0064FAC-9A55-49AE-9C0A-59954D56B60D}.Debug|x64.ActiveCfg = Debug|Any CPU
		{D0064FAC-9A55-49AE-9C0A-59954D56B60D}.Debug|x64.Build.0 = Debug|Any CPU
		{D0064FAC-9A55-49AE-9C0A-59954D56B60D}.Debug|x86.ActiveCfg = Debug|Any CPU
		{D0064FAC-9A55-49AE-9C0A-59954D56B60D}.Debug|x86.Build.0 = Debug|Any CPU
		{D0064FAC-9A55-49AE-9C0A-59954D56B60D}.Release|Any CPU.ActiveCfg = Release|Any CPU
		{D0064FAC-9A55-49AE-9C0A-59954D56B60D}.Release|Any CPU.Build.0 = Release|Any CPU
		{D0064FAC-9A55-49AE-9C0A-59954D56B60D}.Release|x64.ActiveCfg = Release|Any CPU
		{D0064FAC-9A55-49AE-9C0A-59954D56B60D}.Release|x64.Build.0 = Release|Any CPU
		{D0064FAC-9A55-49AE-9C0A-59954D56B60D}.Release|x86.ActiveCfg = Release|Any CPU
		{D0064FAC-9A55-49AE-9C0A-59954D56B60D}.Release|x86.Build.0 = Release|Any CPU
		{E5444152-49C6-4BFF-90C8-E1B8A3919723}.Debug|Any CPU.ActiveCfg = Debug|Any CPU
		{E5444152-49C6-4BFF-90C8-E1B8A3919723}.Debug|Any CPU.Build.0 = Debug|Any CPU
		{E5444152-49C6-4BFF-90C8-E1B8A3919723}.Debug|x64.ActiveCfg = Debug|Any CPU
		{E5444152-49C6-4BFF-90C8-E1B8A3919723}.Debug|x64.Build.0 = Debug|Any CPU
		{E5444152-49C6-4BFF-90C8-E1B8A3919723}.Debug|x86.ActiveCfg = Debug|Any CPU
		{E5444152-49C6-4BFF-90C8-E1B8A3919723}.Debug|x86.Build.0 = Debug|Any CPU
		{E5444152-49C6-4BFF-90C8-E1B8A3919723}.Release|Any CPU.ActiveCfg = Release|Any CPU
		{E5444152-49C6-4BFF-90C8-E1B8A3919723}.Release|Any CPU.Build.0 = Release|Any CPU
		{E5444152-49C6-4BFF-90C8-E1B8A3919723}.Release|x64.ActiveCfg = Release|Any CPU
		{E5444152-49C6-4BFF-90C8-E1B8A3919723}.Release|x64.Build.0 = Release|Any CPU
		{E5444152-49C6-4BFF-90C8-E1B8A3919723}.Release|x86.ActiveCfg = Release|Any CPU
		{E5444152-49C6-4BFF-90C8-E1B8A3919723}.Release|x86.Build.0 = Release|Any CPU
		{E291036E-106F-4982-B82A-76D46642D400}.Debug|Any CPU.ActiveCfg = Debug|Any CPU
		{E291036E-106F-4982-B82A-76D46642D400}.Debug|Any CPU.Build.0 = Debug|Any CPU
		{E291036E-106F-4982-B82A-76D46642D400}.Debug|x64.ActiveCfg = Debug|Any CPU
		{E291036E-106F-4982-B82A-76D46642D400}.Debug|x64.Build.0 = Debug|Any CPU
		{E291036E-106F-4982-B82A-76D46642D400}.Debug|x86.ActiveCfg = Debug|Any CPU
		{E291036E-106F-4982-B82A-76D46642D400}.Debug|x86.Build.0 = Debug|Any CPU
		{E291036E-106F-4982-B82A-76D46642D400}.Release|Any CPU.ActiveCfg = Release|Any CPU
		{E291036E-106F-4982-B82A-76D46642D400}.Release|Any CPU.Build.0 = Release|Any CPU
		{E291036E-106F-4982-B82A-76D46642D400}.Release|x64.ActiveCfg = Release|Any CPU
		{E291036E-106F-4982-B82A-76D46642D400}.Release|x64.Build.0 = Release|Any CPU
		{E291036E-106F-4982-B82A-76D46642D400}.Release|x86.ActiveCfg = Release|Any CPU
		{E291036E-106F-4982-B82A-76D46642D400}.Release|x86.Build.0 = Release|Any CPU
		{36DD2085-3891-4CD4-9133-3524D1870482}.Debug|Any CPU.ActiveCfg = Debug|Any CPU
		{36DD2085-3891-4CD4-9133-3524D1870482}.Debug|Any CPU.Build.0 = Debug|Any CPU
		{36DD2085-3891-4CD4-9133-3524D1870482}.Debug|x64.ActiveCfg = Debug|Any CPU
		{36DD2085-3891-4CD4-9133-3524D1870482}.Debug|x64.Build.0 = Debug|Any CPU
		{36DD2085-3891-4CD4-9133-3524D1870482}.Debug|x86.ActiveCfg = Debug|Any CPU
		{36DD2085-3891-4CD4-9133-3524D1870482}.Debug|x86.Build.0 = Debug|Any CPU
		{36DD2085-3891-4CD4-9133-3524D1870482}.Release|Any CPU.ActiveCfg = Release|Any CPU
		{36DD2085-3891-4CD4-9133-3524D1870482}.Release|Any CPU.Build.0 = Release|Any CPU
		{36DD2085-3891-4CD4-9133-3524D1870482}.Release|x64.ActiveCfg = Release|Any CPU
		{36DD2085-3891-4CD4-9133-3524D1870482}.Release|x64.Build.0 = Release|Any CPU
		{36DD2085-3891-4CD4-9133-3524D1870482}.Release|x86.ActiveCfg = Release|Any CPU
		{36DD2085-3891-4CD4-9133-3524D1870482}.Release|x86.Build.0 = Release|Any CPU
		{B1F283DA-925D-4840-A523-4EED47AFC3F0}.Debug|Any CPU.ActiveCfg = Debug|Any CPU
		{B1F283DA-925D-4840-A523-4EED47AFC3F0}.Debug|Any CPU.Build.0 = Debug|Any CPU
		{B1F283DA-925D-4840-A523-4EED47AFC3F0}.Debug|x64.ActiveCfg = Debug|Any CPU
		{B1F283DA-925D-4840-A523-4EED47AFC3F0}.Debug|x64.Build.0 = Debug|Any CPU
		{B1F283DA-925D-4840-A523-4EED47AFC3F0}.Debug|x86.ActiveCfg = Debug|Any CPU
		{B1F283DA-925D-4840-A523-4EED47AFC3F0}.Debug|x86.Build.0 = Debug|Any CPU
		{B1F283DA-925D-4840-A523-4EED47AFC3F0}.Release|Any CPU.ActiveCfg = Release|Any CPU
		{B1F283DA-925D-4840-A523-4EED47AFC3F0}.Release|Any CPU.Build.0 = Release|Any CPU
		{B1F283DA-925D-4840-A523-4EED47AFC3F0}.Release|x64.ActiveCfg = Release|Any CPU
		{B1F283DA-925D-4840-A523-4EED47AFC3F0}.Release|x64.Build.0 = Release|Any CPU
		{B1F283DA-925D-4840-A523-4EED47AFC3F0}.Release|x86.ActiveCfg = Release|Any CPU
		{B1F283DA-925D-4840-A523-4EED47AFC3F0}.Release|x86.Build.0 = Release|Any CPU
		{7C3931E7-1BD5-4BCE-93F7-328D5FEED101}.Debug|Any CPU.ActiveCfg = Debug|Any CPU
		{7C3931E7-1BD5-4BCE-93F7-328D5FEED101}.Debug|Any CPU.Build.0 = Debug|Any CPU
		{7C3931E7-1BD5-4BCE-93F7-328D5FEED101}.Debug|x64.ActiveCfg = Debug|Any CPU
		{7C3931E7-1BD5-4BCE-93F7-328D5FEED101}.Debug|x64.Build.0 = Debug|Any CPU
		{7C3931E7-1BD5-4BCE-93F7-328D5FEED101}.Debug|x86.ActiveCfg = Debug|Any CPU
		{7C3931E7-1BD5-4BCE-93F7-328D5FEED101}.Debug|x86.Build.0 = Debug|Any CPU
		{7C3931E7-1BD5-4BCE-93F7-328D5FEED101}.Release|Any CPU.ActiveCfg = Release|Any CPU
		{7C3931E7-1BD5-4BCE-93F7-328D5FEED101}.Release|Any CPU.Build.0 = Release|Any CPU
		{7C3931E7-1BD5-4BCE-93F7-328D5FEED101}.Release|x64.ActiveCfg = Release|Any CPU
		{7C3931E7-1BD5-4BCE-93F7-328D5FEED101}.Release|x64.Build.0 = Release|Any CPU
		{7C3931E7-1BD5-4BCE-93F7-328D5FEED101}.Release|x86.ActiveCfg = Release|Any CPU
		{7C3931E7-1BD5-4BCE-93F7-328D5FEED101}.Release|x86.Build.0 = Release|Any CPU
	EndGlobalSection
	GlobalSection(SolutionProperties) = preSolution
		HideSolutionNode = FALSE
	EndGlobalSection
	GlobalSection(NestedProjects) = preSolution
		{F0D6C3B8-D7C4-466A-54D4-6EB613A629A3} = {D4176A17-D7E5-9C19-FD5F-8803B1692ECF}
		{78CC799C-8B39-4DA7-8E93-5E43BB13C4CB} = {D4176A17-D7E5-9C19-FD5F-8803B1692ECF}
		{D0064FAC-9A55-49AE-9C0A-59954D56B60D} = {131C5CCE-C85E-81CF-EB9F-372398CDB723}
		{E5444152-49C6-4BFF-90C8-E1B8A3919723} = {AE61C528-FF0A-A1A2-0584-FA705841A90E}
		{E291036E-106F-4982-B82A-76D46642D400} = {AE61C528-FF0A-A1A2-0584-FA705841A90E}
		{36DD2085-3891-4CD4-9133-3524D1870482} = {1E7C7822-1A97-FCE8-C1CC-7282E8F41E48}
		{B1F283DA-925D-4840-A523-4EED47AFC3F0} = {1E7C7822-1A97-FCE8-C1CC-7282E8F41E48}
		{7C3931E7-1BD5-4BCE-93F7-328D5FEED101} = {3DCF630A-C2F5-FA6C-1BC6-65B54CBF7084}
	EndGlobalSection
	GlobalSection(ExtensibilityGlobals) = postSolution
		SolutionGuid = {EA3191B1-F198-4728-A54F-AA6189439B3A}
	EndGlobalSection
EndGlobal
